
Microsoft Visual Studio Solution File, Format Version 12.00
# Visual Studio Version 17
VisualStudioVersion = 17.2.32616.157
MinimumVisualStudioVersion = 10.0.40219.1
Project("{FAE04EC0-301F-11D3-BF4B-00C04F79EFBC}") = "Lab_4_1_05", "Lab_4_1_05.csproj", "{FBC70134-D390-448F-9BE9-3C7BF3E27681}"
EndProject
Global
	GlobalSection(SolutionConfigurationPlatforms) = preSolution
		Debug|Any CPU = Debug|Any CPU
		Release|Any CPU = Release|Any CPU
	EndGlobalSection
	GlobalSection(ProjectConfigurationPlatforms) = postSolution
		{FBC70134-D390-448F-9BE9-3C7BF3E27681}.Debug|Any CPU.ActiveCfg = Debug|Any CPU
		{FBC70134-D390-448F-9BE9-3C7BF3E27681}.Debug|Any CPU.Build.0 = Debug|Any CPU
		{FBC70134-D390-448F-9BE9-3C7BF3E27681}.Release|Any CPU.ActiveCfg = Release|Any CPU
		{FBC70134-D390-448F-9BE9-3C7BF3E27681}.Release|Any CPU.Build.0 = Release|Any CPU
	EndGlobalSection
	GlobalSection(SolutionProperties) = preSolution
		HideSolutionNode = FALSE
	EndGlobalSection
	GlobalSection(ExtensibilityGlobals) = postSolution
		SolutionGuid = {76922A16-2920-4250-9C15-B72A6C9A4796}
	EndGlobalSection
EndGlobal
